// !$*UTF8*$!
{
	archiveVersion = 1;
	classes = {
	};
	objectVersion = 50;
	objects = {

/* Begin PBXBuildFile section */
		284495B4266758EA004D50B9 /* AppDelegate.swift in Sources */ = {isa = PBXBuildFile; fileRef = 284495B3266758EA004D50B9 /* AppDelegate.swift */; };
		284495B6266758EA004D50B9 /* SceneDelegate.swift in Sources */ = {isa = PBXBuildFile; fileRef = 284495B5266758EA004D50B9 /* SceneDelegate.swift */; };
		284495B8266758EA004D50B9 /* ViewController.swift in Sources */ = {isa = PBXBuildFile; fileRef = 284495B7266758EA004D50B9 /* ViewController.swift */; };
		284495BB266758EA004D50B9 /* Main.storyboard in Resources */ = {isa = PBXBuildFile; fileRef = 284495B9266758EA004D50B9 /* Main.storyboard */; };
		284495BD266758ED004D50B9 /* Assets.xcassets in Resources */ = {isa = PBXBuildFile; fileRef = 284495BC266758ED004D50B9 /* Assets.xcassets */; };
		284495C0266758ED004D50B9 /* LaunchScreen.storyboard in Resources */ = {isa = PBXBuildFile; fileRef = 284495BE266758ED004D50B9 /* LaunchScreen.storyboard */; };
		284495CB266758ED004D50B9 /* SutdyRuntimeTests.swift in Sources */ = {isa = PBXBuildFile; fileRef = 284495CA266758ED004D50B9 /* SutdyRuntimeTests.swift */; };
		284495D6266758ED004D50B9 /* SutdyRuntimeUITests.swift in Sources */ = {isa = PBXBuildFile; fileRef = 284495D5266758ED004D50B9 /* SutdyRuntimeUITests.swift */; };
		284495E92667591F004D50B9 /* UserInfo.m in Sources */ = {isa = PBXBuildFile; fileRef = 284495E82667591F004D50B9 /* UserInfo.m */; };
		284495EF2667595F004D50B9 /* RunOc.m in Sources */ = {isa = PBXBuildFile; fileRef = 284495EE2667595F004D50B9 /* RunOc.m */; };
/* End PBXBuildFile section */

/* Begin PBXContainerItemProxy section */
		284495C7266758ED004D50B9 /* PBXContainerItemProxy */ = {
			isa = PBXContainerItemProxy;
			containerPortal = 284495A8266758EA004D50B9 /* Project object */;
			proxyType = 1;
			remoteGlobalIDString = 284495AF266758EA004D50B9;
			remoteInfo = SutdyRuntime;
		};
		284495D2266758ED004D50B9 /* PBXContainerItemProxy */ = {
			isa = PBXContainerItemProxy;
			containerPortal = 284495A8266758EA004D50B9 /* Project object */;
			proxyType = 1;
			remoteGlobalIDString = 284495AF266758EA004D50B9;
			remoteInfo = SutdyRuntime;
		};
/* End PBXContainerItemProxy section */

/* Begin PBXFileReference section */
		284495B0266758EA004D50B9 /* SutdyRuntime.app */ = {isa = PBXFileReference; explicitFileType = wrapper.application; includeInIndex = 0; path = SutdyRuntime.app; sourceTree = BUILT_PRODUCTS_DIR; };
		284495B3266758EA004D50B9 /* AppDelegate.swift */ = {isa = PBXFileReference; lastKnownFileType = sourcecode.swift; path = AppDelegate.swift; sourceTree = "<group>"; };
		284495B5266758EA004D50B9 /* SceneDelegate.swift */ = {isa = PBXFileReference; lastKnownFileType = sourcecode.swift; path = SceneDelegate.swift; sourceTree = "<group>"; };
		284495B7266758EA004D50B9 /* ViewController.swift */ = {isa = PBXFileReference; lastKnownFileType = sourcecode.swift; path = ViewController.swift; sourceTree = "<group>"; };
		284495BA266758EA004D50B9 /* Base */ = {isa = PBXFileReference; lastKnownFileType = file.storyboard; name = Base; path = Base.lproj/Main.storyboard; sourceTree = "<group>"; };
		284495BC266758ED004D50B9 /* Assets.xcassets */ = {isa = PBXFileReference; lastKnownFileType = folder.assetcatalog; path = Assets.xcassets; sourceTree = "<group>"; };
		284495BF266758ED004D50B9 /* Base */ = {isa = PBXFileReference; lastKnownFileType = file.storyboard; name = Base; path = Base.lproj/LaunchScreen.storyboard; sourceTree = "<group>"; };
		284495C1266758ED004D50B9 /* Info.plist */ = {isa = PBXFileReference; lastKnownFileType = text.plist.xml; path = Info.plist; sourceTree = "<group>"; };
		284495C6266758ED004D50B9 /* SutdyRuntimeTests.xctest */ = {isa = PBXFileReference; explicitFileType = wrapper.cfbundle; includeInIndex = 0; path = SutdyRuntimeTests.xctest; sourceTree = BUILT_PRODUCTS_DIR; };
		284495CA266758ED004D50B9 /* SutdyRuntimeTests.swift */ = {isa = PBXFileReference; lastKnownFileType = sourcecode.swift; path = SutdyRuntimeTests.swift; sourceTree = "<group>"; };
		284495CC266758ED004D50B9 /* Info.plist */ = {isa = PBXFileReference; lastKnownFileType = text.plist.xml; path = Info.plist; sourceTree = "<group>"; };
		284495D1266758ED004D50B9 /* SutdyRuntimeUITests.xctest */ = {isa = PBXFileReference; explicitFileType = wrapper.cfbundle; includeInIndex = 0; path = SutdyRuntimeUITests.xctest; sourceTree = BUILT_PRODUCTS_DIR; };
		284495D5266758ED004D50B9 /* SutdyRuntimeUITests.swift */ = {isa = PBXFileReference; lastKnownFileType = sourcecode.swift; path = SutdyRuntimeUITests.swift; sourceTree = "<group>"; };
		284495D7266758ED004D50B9 /* Info.plist */ = {isa = PBXFileReference; lastKnownFileType = text.plist.xml; path = Info.plist; sourceTree = "<group>"; };
		284495E62667591F004D50B9 /* SutdyRuntime-Bridging-Header.h */ = {isa = PBXFileReference; lastKnownFileType = sourcecode.c.h; path = "SutdyRuntime-Bridging-Header.h"; sourceTree = "<group>"; };
		284495E72667591F004D50B9 /* UserInfo.h */ = {isa = PBXFileReference; lastKnownFileType = sourcecode.c.h; path = UserInfo.h; sourceTree = "<group>"; };
		284495E82667591F004D50B9 /* UserInfo.m */ = {isa = PBXFileReference; lastKnownFileType = sourcecode.c.objc; path = UserInfo.m; sourceTree = "<group>"; };
		284495ED2667595F004D50B9 /* RunOc.h */ = {isa = PBXFileReference; lastKnownFileType = sourcecode.c.h; path = RunOc.h; sourceTree = "<group>"; };
		284495EE2667595F004D50B9 /* RunOc.m */ = {isa = PBXFileReference; lastKnownFileType = sourcecode.c.objc; path = RunOc.m; sourceTree = "<group>"; };
/* End PBXFileReference section */

/* Begin PBXFrameworksBuildPhase section */
		284495AD266758EA004D50B9 /* Frameworks */ = {
			isa = PBXFrameworksBuildPhase;
			buildActionMask = 2147483647;
			files = (
			);
			runOnlyForDeploymentPostprocessing = 0;
		};
		284495C3266758ED004D50B9 /* Frameworks */ = {
			isa = PBXFrameworksBuildPhase;
			buildActionMask = 2147483647;
			files = (
			);
			runOnlyForDeploymentPostprocessing = 0;
		};
		284495CE266758ED004D50B9 /* Frameworks */ = {
			isa = PBXFrameworksBuildPhase;
			buildActionMask = 2147483647;
			files = (
			);
			runOnlyForDeploymentPostprocessing = 0;
		};
/* End PBXFrameworksBuildPhase section */

/* Begin PBXGroup section */
		284495A7266758EA004D50B9 = {
			isa = PBXGroup;
			children = (
				284495B2266758EA004D50B9 /* SutdyRuntime */,
				284495C9266758ED004D50B9 /* SutdyRuntimeTests */,
				284495D4266758ED004D50B9 /* SutdyRuntimeUITests */,
				284495B1266758EA004D50B9 /* Products */,
			);
			sourceTree = "<group>";
		};
		284495B1266758EA004D50B9 /* Products */ = {
			isa = PBXGroup;
			children = (
				284495B0266758EA004D50B9 /* SutdyRuntime.app */,
				284495C6266758ED004D50B9 /* SutdyRuntimeTests.xctest */,
				284495D1266758ED004D50B9 /* SutdyRuntimeUITests.xctest */,
			);
			name = Products;
			sourceTree = "<group>";
		};
		284495B2266758EA004D50B9 /* SutdyRuntime */ = {
			isa = PBXGroup;
			children = (
				284495B3266758EA004D50B9 /* AppDelegate.swift */,
				284495B5266758EA004D50B9 /* SceneDelegate.swift */,
				284495B7266758EA004D50B9 /* ViewController.swift */,
				284495B9266758EA004D50B9 /* Main.storyboard */,
				284495BC266758ED004D50B9 /* Assets.xcassets */,
				284495BE266758ED004D50B9 /* LaunchScreen.storyboard */,
				284495C1266758ED004D50B9 /* Info.plist */,
				284495E72667591F004D50B9 /* UserInfo.h */,
				284495E82667591F004D50B9 /* UserInfo.m */,
				284495E62667591F004D50B9 /* SutdyRuntime-Bridging-Header.h */,
				284495ED2667595F004D50B9 /* RunOc.h */,
				284495EE2667595F004D50B9 /* RunOc.m */,
			);
			path = SutdyRuntime;
			sourceTree = "<group>";
		};
		284495C9266758ED004D50B9 /* SutdyRuntimeTests */ = {
			isa = PBXGroup;
			children = (
				284495CA266758ED004D50B9 /* SutdyRuntimeTests.swift */,
				284495CC266758ED004D50B9 /* Info.plist */,
			);
			path = SutdyRuntimeTests;
			sourceTree = "<group>";
		};
		284495D4266758ED004D50B9 /* SutdyRuntimeUITests */ = {
			isa = PBXGroup;
			children = (
				284495D5266758ED004D50B9 /* SutdyRuntimeUITests.swift */,
				284495D7266758ED004D50B9 /* Info.plist */,
			);
			path = SutdyRuntimeUITests;
			sourceTree = "<group>";
		};
/* End PBXGroup section */

/* Begin PBXNativeTarget section */
		284495AF266758EA004D50B9 /* SutdyRuntime */ = {
			isa = PBXNativeTarget;
			buildConfigurationList = 284495DA266758ED004D50B9 /* Build configuration list for PBXNativeTarget "SutdyRuntime" */;
			buildPhases = (
				284495AC266758EA004D50B9 /* Sources */,
				284495AD266758EA004D50B9 /* Frameworks */,
				284495AE266758EA004D50B9 /* Resources */,
			);
			buildRules = (
			);
			dependencies = (
			);
			name = SutdyRuntime;
			productName = SutdyRuntime;
			productReference = 284495B0266758EA004D50B9 /* SutdyRuntime.app */;
			productType = "com.apple.product-type.application";
		};
		284495C5266758ED004D50B9 /* SutdyRuntimeTests */ = {
			isa = PBXNativeTarget;
			buildConfigurationList = 284495DD266758ED004D50B9 /* Build configuration list for PBXNativeTarget "SutdyRuntimeTests" */;
			buildPhases = (
				284495C2266758ED004D50B9 /* Sources */,
				284495C3266758ED004D50B9 /* Frameworks */,
				284495C4266758ED004D50B9 /* Resources */,
			);
			buildRules = (
			);
			dependencies = (
				284495C8266758ED004D50B9 /* PBXTargetDependency */,
			);
			name = SutdyRuntimeTests;
			productName = SutdyRuntimeTests;
			productReference = 284495C6266758ED004D50B9 /* SutdyRuntimeTests.xctest */;
			productType = "com.apple.product-type.bundle.unit-test";
		};
		284495D0266758ED004D50B9 /* SutdyRuntimeUITests */ = {
			isa = PBXNativeTarget;
			buildConfigurationList = 284495E0266758ED004D50B9 /* Build configuration list for PBXNativeTarget "SutdyRuntimeUITests" */;
			buildPhases = (
				284495CD266758ED004D50B9 /* Sources */,
				284495CE266758ED004D50B9 /* Frameworks */,
				284495CF266758ED004D50B9 /* Resources */,
			);
			buildRules = (
			);
			dependencies = (
				284495D3266758ED004D50B9 /* PBXTargetDependency */,
			);
			name = SutdyRuntimeUITests;
			productName = SutdyRuntimeUITests;
			productReference = 284495D1266758ED004D50B9 /* SutdyRuntimeUITests.xctest */;
			productType = "com.apple.product-type.bundle.ui-testing";
		};
/* End PBXNativeTarget section */

/* Begin PBXProject section */
		284495A8266758EA004D50B9 /* Project object */ = {
			isa = PBXProject;
			attributes = {
				LastSwiftUpdateCheck = 1230;
				LastUpgradeCheck = 1230;
				TargetAttributes = {
					284495AF266758EA004D50B9 = {
						CreatedOnToolsVersion = 12.3;
						LastSwiftMigration = 1230;
					};
					284495C5266758ED004D50B9 = {
						CreatedOnToolsVersion = 12.3;
						TestTargetID = 284495AF266758EA004D50B9;
					};
					284495D0266758ED004D50B9 = {
						CreatedOnToolsVersion = 12.3;
						TestTargetID = 284495AF266758EA004D50B9;
					};
				};
			};
			buildConfigurationList = 284495AB266758EA004D50B9 /* Build configuration list for PBXProject "SutdyRuntime" */;
			compatibilityVersion = "Xcode 9.3";
			developmentRegion = en;
			hasScannedForEncodings = 0;
			knownRegions = (
				en,
				Base,
			);
			mainGroup = 284495A7266758EA004D50B9;
			productRefGroup = 284495B1266758EA004D50B9 /* Products */;
			projectDirPath = "";
			projectRoot = "";
			targets = (
				284495AF266758EA004D50B9 /* SutdyRuntime */,
				284495C5266758ED004D50B9 /* SutdyRuntimeTests */,
				284495D0266758ED004D50B9 /* SutdyRuntimeUITests */,
			);
		};
/* End PBXProject section */

/* Begin PBXResourcesBuildPhase section */
		284495AE266758EA004D50B9 /* Resources */ = {
			isa = PBXResourcesBuildPhase;
			buildActionMask = 2147483647;
			files = (
				284495C0266758ED004D50B9 /* LaunchScreen.storyboard in Resources */,
				284495BD266758ED004D50B9 /* Assets.xcassets in Resources */,
				284495BB266758EA004D50B9 /* Main.storyboard in Resources */,
			);
			runOnlyForDeploymentPostprocessing = 0;
		};
		284495C4266758ED004D50B9 /* Resources */ = {
			isa = PBXResourcesBuildPhase;
			buildActionMask = 2147483647;
			files = (
			);
			runOnlyForDeploymentPostprocessing = 0;
		};
		284495CF266758ED004D50B9 /* Resources */ = {
			isa = PBXResourcesBuildPhase;
			buildActionMask = 2147483647;
			files = (
			);
			runOnlyForDeploymentPostprocessing = 0;
		};
/* End PBXResourcesBuildPhase section */

/* Begin PBXSourcesBuildPhase section */
		284495AC266758EA004D50B9 /* Sources */ = {
			isa = PBXSourcesBuildPhase;
			buildActionMask = 2147483647;
			files = (
				284495E92667591F004D50B9 /* UserInfo.m in Sources */,
				284495B8266758EA004D50B9 /* ViewController.swift in Sources */,
				284495B4266758EA004D50B9 /* AppDelegate.swift in Sources */,
				284495B6266758EA004D50B9 /* SceneDelegate.swift in Sources */,
				284495EF2667595F004D50B9 /* RunOc.m in Sources */,
			);
			runOnlyForDeploymentPostprocessing = 0;
		};
		284495C2266758ED004D50B9 /* Sources */ = {
			isa = PBXSourcesBuildPhase;
			buildActionMask = 2147483647;
			files = (
				284495CB266758ED004D50B9 /* SutdyRuntimeTests.swift in Sources */,
			);
			runOnlyForDeploymentPostprocessing = 0;
		};
		284495CD266758ED004D50B9 /* Sources */ = {
			isa = PBXSourcesBuildPhase;
			buildActionMask = 2147483647;
			files = (
				284495D6266758ED004D50B9 /* SutdyRuntimeUITests.swift in Sources */,
			);
			runOnlyForDeploymentPostprocessing = 0;
		};
/* End PBXSourcesBuildPhase section */

/* Begin PBXTargetDependency section */
		284495C8266758ED004D50B9 /* PBXTargetDependency */ = {
			isa = PBXTargetDependency;
			target = 284495AF266758EA004D50B9 /* SutdyRuntime */;
			targetProxy = 284495C7266758ED004D50B9 /* PBXContainerItemProxy */;
		};
		284495D3266758ED004D50B9 /* PBXTargetDependency */ = {
			isa = PBXTargetDependency;
			target = 284495AF266758EA004D50B9 /* SutdyRuntime */;
			targetProxy = 284495D2266758ED004D50B9 /* PBXContainerItemProxy */;
		};
/* End PBXTargetDependency section */

/* Begin PBXVariantGroup section */
		284495B9266758EA004D50B9 /* Main.storyboard */ = {
			isa = PBXVariantGroup;
			children = (
				284495BA266758EA004D50B9 /* Base */,
			);
			name = Main.storyboard;
			sourceTree = "<group>";
		};
		284495BE266758ED004D50B9 /* LaunchScreen.storyboard */ = {
			isa = PBXVariantGroup;
			children = (
				284495BF266758ED004D50B9 /* Base */,
			);
			name = LaunchScreen.storyboard;
			sourceTree = "<group>";
		};
/* End PBXVariantGroup section */

/* Begin XCBuildConfiguration section */
		284495D8266758ED004D50B9 /* Debug */ = {
			isa = XCBuildConfiguration;
			buildSettings = {
				ALWAYS_SEARCH_USER_PATHS = NO;
				CLANG_ANALYZER_NONNULL = YES;
				CLANG_ANALYZER_NUMBER_OBJECT_CONVERSION = YES_AGGRESSIVE;
				CLANG_CXX_LANGUAGE_STANDARD = "gnu++14";
				CLANG_CXX_LIBRARY = "libc++";
				CLANG_ENABLE_MODULES = YES;
				CLANG_ENABLE_OBJC_ARC = YES;
				CLANG_ENABLE_OBJC_WEAK = YES;
				CLANG_WARN_BLOCK_CAPTURE_AUTORELEASING = YES;
				CLANG_WARN_BOOL_CONVERSION = YES;
				CLANG_WARN_COMMA = YES;
				CLANG_WARN_CONSTANT_CONVERSION = YES;
				CLANG_WARN_DEPRECATED_OBJC_IMPLEMENTATIONS = YES;
				CLANG_WARN_DIRECT_OBJC_ISA_USAGE = YES_ERROR;
				CLANG_WARN_DOCUMENTATION_COMMENTS = YES;
				CLANG_WARN_EMPTY_BODY = YES;
				CLANG_WARN_ENUM_CONVERSION = YES;
				CLANG_WARN_INFINITE_RECURSION = YES;
				CLANG_WARN_INT_CONVERSION = YES;
				CLANG_WARN_NON_LITERAL_NULL_CONVERSION = YES;
				CLANG_WARN_OBJC_IMPLICIT_RETAIN_SELF = YES;
				CLANG_WARN_OBJC_LITERAL_CONVERSION = YES;
				CLANG_WARN_OBJC_ROOT_CLASS = YES_ERROR;
				CLANG_WARN_QUOTED_INCLUDE_IN_FRAMEWORK_HEADER = YES;
				CLANG_WARN_RANGE_LOOP_ANALYSIS = YES;
				CLANG_WARN_STRICT_PROTOTYPES = YES;
				CLANG_WARN_SUSPICIOUS_MOVE = YES;
				CLANG_WARN_UNGUARDED_AVAILABILITY = YES_AGGRESSIVE;
				CLANG_WARN_UNREACHABLE_CODE = YES;
				CLANG_WARN__DUPLICATE_METHOD_MATCH = YES;
				COPY_PHASE_STRIP = NO;
				DEBUG_INFORMATION_FORMAT = dwarf;
				ENABLE_STRICT_OBJC_MSGSEND = YES;
				ENABLE_TESTABILITY = YES;
				GCC_C_LANGUAGE_STANDARD = gnu11;
				GCC_DYNAMIC_NO_PIC = NO;
				GCC_NO_COMMON_BLOCKS = YES;
				GCC_OPTIMIZATION_LEVEL = 0;
				GCC_PREPROCESSOR_DEFINITIONS = (
					"DEBUG=1",
					"$(inherited)",
				);
				GCC_WARN_64_TO_32_BIT_CONVERSION = YES;
				GCC_WARN_ABOUT_RETURN_TYPE = YES_ERROR;
				GCC_WARN_UNDECLARED_SELECTOR = YES;
				GCC_WARN_UNINITIALIZED_AUTOS = YES_AGGRESSIVE;
				GCC_WARN_UNUSED_FUNCTION = YES;
				GCC_WARN_UNUSED_VARIABLE = YES;
				IPHONEOS_DEPLOYMENT_TARGET = 14.3;
				MTL_ENABLE_DEBUG_INFO = INCLUDE_SOURCE;
				MTL_FAST_MATH = YES;
				ONLY_ACTIVE_ARCH = YES;
				SDKROOT = iphoneos;
				SWIFT_ACTIVE_COMPILATION_CONDITIONS = DEBUG;
				SWIFT_OPTIMIZATION_LEVEL = "-Onone";
			};
			name = Debug;
		};
		284495D9266758ED004D50B9 /* Release */ = {
			isa = XCBuildConfiguration;
			buildSettings = {
				ALWAYS_SEARCH_USER_PATHS = NO;
				CLANG_ANALYZER_NONNULL = YES;
				CLANG_ANALYZER_NUMBER_OBJECT_CONVERSION = YES_AGGRESSIVE;
				CLANG_CXX_LANGUAGE_STANDARD = "gnu++14";
				CLANG_CXX_LIBRARY = "libc++";
				CLANG_ENABLE_MODULES = YES;
				CLANG_ENABLE_OBJC_ARC = YES;
				CLANG_ENABLE_OBJC_WEAK = YES;
				CLANG_WARN_BLOCK_CAPTURE_AUTORELEASING = YES;
				CLANG_WARN_BOOL_CONVERSION = YES;
				CLANG_WARN_COMMA = YES;
				CLANG_WARN_CONSTANT_CONVERSION = YES;
				CLANG_WARN_DEPRECATED_OBJC_IMPLEMENTATIONS = YES;
				CLANG_WARN_DIRECT_OBJC_ISA_USAGE = YES_ERROR;
				CLANG_WARN_DOCUMENTATION_COMMENTS = YES;
				CLANG_WARN_EMPTY_BODY = YES;
				CLANG_WARN_ENUM_CONVERSION = YES;
				CLANG_WARN_INFINITE_RECURSION = YES;
				CLANG_WARN_INT_CONVERSION = YES;
				CLANG_WARN_NON_LITERAL_NULL_CONVERSION = YES;
				CLANG_WARN_OBJC_IMPLICIT_RETAIN_SELF = YES;
				CLANG_WARN_OBJC_LITERAL_CONVERSION = YES;
				CLANG_WARN_OBJC_ROOT_CLASS = YES_ERROR;
				CLANG_WARN_QUOTED_INCLUDE_IN_FRAMEWORK_HEADER = YES;
				CLANG_WARN_RANGE_LOOP_ANALYSIS = YES;
				CLANG_WARN_STRICT_PROTOTYPES = YES;
				CLANG_WARN_SUSPICIOUS_MOVE = YES;
				CLANG_WARN_UNGUARDED_AVAILABILITY = YES_AGGRESSIVE;
				CLANG_WARN_UNREACHABLE_CODE = YES;
				CLANG_WARN__DUPLICATE_METHOD_MATCH = YES;
				COPY_PHASE_STRIP = NO;
				DEBUG_INFORMATION_FORMAT = "dwarf-with-dsym";
				ENABLE_NS_ASSERTIONS = NO;
				ENABLE_STRICT_OBJC_MSGSEND = YES;
				GCC_C_LANGUAGE_STANDARD = gnu11;
				GCC_NO_COMMON_BLOCKS = YES;
				GCC_WARN_64_TO_32_BIT_CONVERSION = YES;
				GCC_WARN_ABOUT_RETURN_TYPE = YES_ERROR;
				GCC_WARN_UNDECLARED_SELECTOR = YES;
				GCC_WARN_UNINITIALIZED_AUTOS = YES_AGGRESSIVE;
				GCC_WARN_UNUSED_FUNCTION = YES;
				GCC_WARN_UNUSED_VARIABLE = YES;
				IPHONEOS_DEPLOYMENT_TARGET = 14.3;
				MTL_ENABLE_DEBUG_INFO = NO;
				MTL_FAST_MATH = YES;
				SDKROOT = iphoneos;
				SWIFT_COMPILATION_MODE = wholemodule;
				SWIFT_OPTIMIZATION_LEVEL = "-O";
				VALIDATE_PRODUCT = YES;
			};
			name = Release;
		};
		284495DB266758ED004D50B9 /* Debug */ = {
			isa = XCBuildConfiguration;
			buildSettings = {
				ASSETCATALOG_COMPILER_APPICON_NAME = AppIcon;
				ASSETCATALOG_COMPILER_GLOBAL_ACCENT_COLOR_NAME = AccentColor;
				CLANG_ENABLE_MODULES = YES;
				CODE_SIGN_IDENTITY = "iPhone Developer";
				CODE_SIGN_STYLE = Manual;
				DEVELOPMENT_TEAM = T8SDZM6J7S;
				INFOPLIST_FILE = SutdyRuntime/Info.plist;
				IPHONEOS_DEPLOYMENT_TARGET = 12.0;
				LD_RUNPATH_SEARCH_PATHS = (
					"$(inherited)",
					"@executable_path/Frameworks",
				);
				PRODUCT_BUNDLE_IDENTIFIER = com.test111.trendplay;
				PRODUCT_NAME = "$(TARGET_NAME)";
				PROVISIONING_PROFILE_SPECIFIER = test1111DevFile524;
				SWIFT_OBJC_BRIDGING_HEADER = "SutdyRuntime/SutdyRuntime-Bridging-Header.h";
				SWIFT_OPTIMIZATION_LEVEL = "-Onone";
				SWIFT_VERSION = 5.0;
				TARGETED_DEVICE_FAMILY = "1,2";
			};
			name = Debug;
		};
		284495DC266758ED004D50B9 /* Release */ = {
			isa = XCBuildConfiguration;
			buildSettings = {
				ASSETCATALOG_COMPILER_APPICON_NAME = AppIcon;
				ASSETCATALOG_COMPILER_GLOBAL_ACCENT_COLOR_NAME = AccentColor;
				CLANG_ENABLE_MODULES = YES;
				CODE_SIGN_IDENTITY = "iPhone Developer";
				CODE_SIGN_STYLE = Manual;
				DEVELOPMENT_TEAM = T8SDZM6J7S;
				INFOPLIST_FILE = SutdyRuntime/Info.plist;
				IPHONEOS_DEPLOYMENT_TARGET = 12.0;
				LD_RUNPATH_SEARCH_PATHS = (
					"$(inherited)",
					"@executable_path/Frameworks",
				);
				PRODUCT_BUNDLE_IDENTIFIER = com.test111.trendplay;
				PRODUCT_NAME = "$(TARGET_NAME)";
				PROVISIONING_PROFILE_SPECIFIER = test1111DevFile524;
				SWIFT_OBJC_BRIDGING_HEADER = "SutdyRuntime/SutdyRuntime-Bridging-Header.h";
				SWIFT_VERSION = 5.0;
				TARGETED_DEVICE_FAMILY = "1,2";
			};
			name = Release;
		};
		284495DE266758ED004D50B9 /* Debug */ = {
			isa = XCBuildConfiguration;
			buildSettings = {
				ALWAYS_EMBED_SWIFT_STANDARD_LIBRARIES = YES;
				BUNDLE_LOADER = "$(TEST_HOST)";
				CODE_SIGN_STYLE = Automatic;
				DEVELOPMENT_TEAM = SRW54YFJJ3;
				INFOPLIST_FILE = SutdyRuntimeTests/Info.plist;
				IPHONEOS_DEPLOYMENT_TARGET = 14.3;
				LD_RUNPATH_SEARCH_PATHS = (
					"$(inherited)",
					"@executable_path/Frameworks",
					"@loader_path/Frameworks",
				);
				PRODUCT_BUNDLE_IDENTIFIER = onelcat.github.io.SutdyRuntimeTests;
				PRODUCT_NAME = "$(TARGET_NAME)";
				SWIFT_VERSION = 5.0;
				TARGETED_DEVICE_FAMILY = "1,2";
				TEST_HOST = "$(BUILT_PRODUCTS_DIR)/SutdyRuntime.app/SutdyRuntime";
			};
			name = Debug;
		};
		284495DF266758ED004D50B9 /* Release */ = {
			isa = XCBuildConfiguration;
			buildSettings = {
				ALWAYS_EMBED_SWIFT_STANDARD_LIBRARIES = YES;
				BUNDLE_LOADER = "$(TEST_HOST)";
				CODE_SIGN_STYLE = Automatic;
				DEVELOPMENT_TEAM = SRW54YFJJ3;
				INFOPLIST_FILE = SutdyRuntimeTests/Info.plist;
				IPHONEOS_DEPLOYMENT_TARGET = 14.3;
				LD_RUNPATH_SEARCH_PATHS = (
					"$(inherited)",
					"@executable_path/Frameworks",
					"@loader_path/Frameworks",
				);
				PRODUCT_BUNDLE_IDENTIFIER = onelcat.github.io.SutdyRuntimeTests;
				PRODUCT_NAME = "$(TARGET_NAME)";
				SWIFT_VERSION = 5.0;
				TARGETED_DEVICE_FAMILY = "1,2";
				TEST_HOST = "$(BUILT_PRODUCTS_DIR)/SutdyRuntime.app/SutdyRuntime";
			};
			name = Release;
		};
		284495E1266758ED004D50B9 /* Debug */ = {
			isa = XCBuildConfiguration;
			buildSettings = {
				ALWAYS_EMBED_SWIFT_STANDARD_LIBRARIES = YES;
				CODE_SIGN_STYLE = Automatic;
				DEVELOPMENT_TEAM = SRW54YFJJ3;
				INFOPLIST_FILE = SutdyRuntimeUITests/Info.plist;
				LD_RUNPATH_SEARCH_PATHS = (
					"$(inherited)",
					"@executable_path/Frameworks",
					"@loader_path/Frameworks",
				);
				PRODUCT_BUNDLE_IDENTIFIER = onelcat.github.io.SutdyRuntimeUITests;
				PRODUCT_NAME = "$(TARGET_NAME)";
				SWIFT_VERSION = 5.0;
				TARGETED_DEVICE_FAMILY = "1,2";
				TEST_TARGET_NAME = SutdyRuntime;
			};
			name = Debug;
		};
		284495E2266758ED004D50B9 /* Release */ = {
			isa = XCBuildConfiguration;
			buildSettings = {
				ALWAYS_EMBED_SWIFT_STANDARD_LIBRARIES = YES;
				CODE_SIGN_STYLE = Automatic;
				DEVELOPMENT_TEAM = SRW54YFJJ3;
				INFOPLIST_FILE = SutdyRuntimeUITests/Info.plist;
				LD_RUNPATH_SEARCH_PATHS = (
					"$(inherited)",
					"@executable_path/Frameworks",
					"@loader_path/Frameworks",
				);
				PRODUCT_BUNDLE_IDENTIFIER = onelcat.github.io.SutdyRuntimeUITests;
				PRODUCT_NAME = "$(TARGET_NAME)";
				SWIFT_VERSION = 5.0;
				TARGETED_DEVICE_FAMILY = "1,2";
				TEST_TARGET_NAME = SutdyRuntime;
			};
			name = Release;
		};
/* End XCBuildConfiguration section */

/* Begin XCConfigurationList section */
		284495AB266758EA004D50B9 /* Build configuration list for PBXProject "SutdyRuntime" */ = {
			isa = XCConfigurationList;
			buildConfigurations = (
				284495D8266758ED004D50B9 /* Debug */,
				284495D9266758ED004D50B9 /* Release */,
			);
			defaultConfigurationIsVisible = 0;
			defaultConfigurationName = Release;
		};
		284495DA266758ED004D50B9 /* Build configuration list for PBXNativeTarget "SutdyRuntime" */ = {
			isa = XCConfigurationList;
			buildConfigurations = (
				284495DB266758ED004D50B9 /* Debug */,
				284495DC266758ED004D50B9 /* Release */,
			);
			defaultConfigurationIsVisible = 0;
			defaultConfigurationName = Release;
		};
		284495DD266758ED004D50B9 /* Build configuration list for PBXNativeTarget "SutdyRuntimeTests" */ = {
			isa = XCConfigurationList;
			buildConfigurations = (
				284495DE266758ED004D50B9 /* Debug */,
				284495DF266758ED004D50B9 /* Release */,
			);
			defaultConfigurationIsVisible = 0;
			defaultConfigurationName = Release;
		};
		284495E0266758ED004D50B9 /* Build configuration list for PBXNativeTarget "SutdyRuntimeUITests" */ = {
			isa = XCConfigurationList;
			buildConfigurations = (
				284495E1266758ED004D50B9 /* Debug */,
				284495E2266758ED004D50B9 /* Release */,
			);
			defaultConfigurationIsVisible = 0;
			defaultConfigurationName = Release;
		};
/* End XCConfigurationList section */
	};
	rootObject = 284495A8266758EA004D50B9 /* Project object */;
}
